
Microsoft Visual Studio Solution File, Format Version 12.00
# Visual Studio Version 17
VisualStudioVersion = 17.4.33110.190
MinimumVisualStudioVersion = 10.0.40219.1
Project("{FAE04EC0-301F-11D3-BF4B-00C04F79EFBC}") = "shop", "shop\shop.csproj", "{C8B48118-70CB-4F84-98C4-2A346183E012}"
EndProject
Global
	GlobalSection(SolutionConfigurationPlatforms) = preSolution
		Debug|Any CPU = Debug|Any CPU
		Release|Any CPU = Release|Any CPU
	EndGlobalSection
	GlobalSection(ProjectConfigurationPlatforms) = postSolution
		{C8B48118-70CB-4F84-98C4-2A346183E012}.Debug|Any CPU.ActiveCfg = Debug|Any CPU
		{C8B48118-70CB-4F84-98C4-2A346183E012}.Debug|Any CPU.Build.0 = Debug|Any CPU
		{C8B48118-70CB-4F84-98C4-2A346183E012}.Release|Any CPU.ActiveCfg = Release|Any CPU
		{C8B48118-70CB-4F84-98C4-2A346183E012}.Release|Any CPU.Build.0 = Release|Any CPU
	EndGlobalSection
	GlobalSection(SolutionProperties) = preSolution
		HideSolutionNode = FALSE
	EndGlobalSection
	GlobalSection(ExtensibilityGlobals) = postSolution
		SolutionGuid = {927EC59C-F4D6-4D7A-806B-84A9B460C772}
	EndGlobalSection
EndGlobal
